// !$*UTF8*$!
{
	archiveVersion = 1;
	classes = {
	};
	objectVersion = 55;
	objects = {

/* Begin PBXBuildFile section */
		B463C7B928E8DE3A002EF326 /* AppDelegate.swift in Sources */ = {isa = PBXBuildFile; fileRef = B463C7B828E8DE3A002EF326 /* AppDelegate.swift */; };
		B463C7BB28E8DE3A002EF326 /* SceneDelegate.swift in Sources */ = {isa = PBXBuildFile; fileRef = B463C7BA28E8DE3A002EF326 /* SceneDelegate.swift */; };
		B463C7C028E8DE3A002EF326 /* Main.storyboard in Resources */ = {isa = PBXBuildFile; fileRef = B463C7BE28E8DE3A002EF326 /* Main.storyboard */; };
		B463C7C228E8DE3E002EF326 /* Assets.xcassets in Resources */ = {isa = PBXBuildFile; fileRef = B463C7C128E8DE3E002EF326 /* Assets.xcassets */; };
		B463C7C528E8DE3E002EF326 /* LaunchScreen.storyboard in Resources */ = {isa = PBXBuildFile; fileRef = B463C7C328E8DE3E002EF326 /* LaunchScreen.storyboard */; };
		B463C7D328E8DF5C002EF326 /* RMViewController.swift in Sources */ = {isa = PBXBuildFile; fileRef = B463C7D228E8DF5C002EF326 /* RMViewController.swift */; };
		B463C7D628E8E07D002EF326 /* SnapKit in Frameworks */ = {isa = PBXBuildFile; productRef = B463C7D528E8E07D002EF326 /* SnapKit */; };
		B463C7D828E8E375002EF326 /* RMModel.swift in Sources */ = {isa = PBXBuildFile; fileRef = B463C7D728E8E375002EF326 /* RMModel.swift */; };
		B463C7DA28E8E386002EF326 /* RMService.swift in Sources */ = {isa = PBXBuildFile; fileRef = B463C7D928E8E386002EF326 /* RMService.swift */; };
		B463C7DD28E8E4F6002EF326 /* Alamofire in Frameworks */ = {isa = PBXBuildFile; productRef = B463C7DC28E8E4F6002EF326 /* Alamofire */; };
		B463C7E028E8E521002EF326 /* AlamofireImage in Frameworks */ = {isa = PBXBuildFile; productRef = B463C7DF28E8E521002EF326 /* AlamofireImage */; };
		B463C7E228E8EBC5002EF326 /* RMViewModel.swift in Sources */ = {isa = PBXBuildFile; fileRef = B463C7E128E8EBC5002EF326 /* RMViewModel.swift */; };
		B463C7E428E9796B002EF326 /* RMView.swift in Sources */ = {isa = PBXBuildFile; fileRef = B463C7E328E9796B002EF326 /* RMView.swift */; };
		B463C7E728E98326002EF326 /* RMTableViewCell.swift in Sources */ = {isa = PBXBuildFile; fileRef = B463C7E628E98326002EF326 /* RMTableViewCell.swift */; };
		B463C7EA28E991F4002EF326 /* UIViewExtensions.swift in Sources */ = {isa = PBXBuildFile; fileRef = B463C7E928E991F4002EF326 /* UIViewExtensions.swift */; };
/* End PBXBuildFile section */

/* Begin PBXFileReference section */
		B463C7B528E8DE3A002EF326 /* MVVM-1-RickMorty.app */ = {isa = PBXFileReference; explicitFileType = wrapper.application; includeInIndex = 0; path = "MVVM-1-RickMorty.app"; sourceTree = BUILT_PRODUCTS_DIR; };
		B463C7B828E8DE3A002EF326 /* AppDelegate.swift */ = {isa = PBXFileReference; lastKnownFileType = sourcecode.swift; path = AppDelegate.swift; sourceTree = "<group>"; };
		B463C7BA28E8DE3A002EF326 /* SceneDelegate.swift */ = {isa = PBXFileReference; lastKnownFileType = sourcecode.swift; path = SceneDelegate.swift; sourceTree = "<group>"; };
		B463C7BF28E8DE3A002EF326 /* Base */ = {isa = PBXFileReference; lastKnownFileType = file.storyboard; name = Base; path = Base.lproj/Main.storyboard; sourceTree = "<group>"; };
		B463C7C128E8DE3E002EF326 /* Assets.xcassets */ = {isa = PBXFileReference; lastKnownFileType = folder.assetcatalog; path = Assets.xcassets; sourceTree = "<group>"; };
		B463C7C428E8DE3E002EF326 /* Base */ = {isa = PBXFileReference; lastKnownFileType = file.storyboard; name = Base; path = Base.lproj/LaunchScreen.storyboard; sourceTree = "<group>"; };
		B463C7C628E8DE3E002EF326 /* Info.plist */ = {isa = PBXFileReference; lastKnownFileType = text.plist.xml; path = Info.plist; sourceTree = "<group>"; };
		B463C7D228E8DF5C002EF326 /* RMViewController.swift */ = {isa = PBXFileReference; lastKnownFileType = sourcecode.swift; path = RMViewController.swift; sourceTree = "<group>"; };
		B463C7D728E8E375002EF326 /* RMModel.swift */ = {isa = PBXFileReference; lastKnownFileType = sourcecode.swift; path = RMModel.swift; sourceTree = "<group>"; };
		B463C7D928E8E386002EF326 /* RMService.swift */ = {isa = PBXFileReference; lastKnownFileType = sourcecode.swift; path = RMService.swift; sourceTree = "<group>"; };
		B463C7E128E8EBC5002EF326 /* RMViewModel.swift */ = {isa = PBXFileReference; lastKnownFileType = sourcecode.swift; path = RMViewModel.swift; sourceTree = "<group>"; };
		B463C7E328E9796B002EF326 /* RMView.swift */ = {isa = PBXFileReference; lastKnownFileType = sourcecode.swift; path = RMView.swift; sourceTree = "<group>"; };
		B463C7E628E98326002EF326 /* RMTableViewCell.swift */ = {isa = PBXFileReference; lastKnownFileType = sourcecode.swift; path = RMTableViewCell.swift; sourceTree = "<group>"; };
		B463C7E928E991F4002EF326 /* UIViewExtensions.swift */ = {isa = PBXFileReference; lastKnownFileType = sourcecode.swift; path = UIViewExtensions.swift; sourceTree = "<group>"; };
/* End PBXFileReference section */

/* Begin PBXFrameworksBuildPhase section */
		B463C7B228E8DE3A002EF326 /* Frameworks */ = {
			isa = PBXFrameworksBuildPhase;
			buildActionMask = 2147483647;
			files = (
				B463C7D628E8E07D002EF326 /* SnapKit in Frameworks */,
				B463C7DD28E8E4F6002EF326 /* Alamofire in Frameworks */,
				B463C7E028E8E521002EF326 /* AlamofireImage in Frameworks */,
			);
			runOnlyForDeploymentPostprocessing = 0;
		};
/* End PBXFrameworksBuildPhase section */

/* Begin PBXGroup section */
		B463C7AC28E8DE3A002EF326 = {
			isa = PBXGroup;
			children = (
				B463C7B728E8DE3A002EF326 /* MVVM-1-RickMorty */,
				B463C7B628E8DE3A002EF326 /* Products */,
			);
			sourceTree = "<group>";
		};
		B463C7B628E8DE3A002EF326 /* Products */ = {
			isa = PBXGroup;
			children = (
				B463C7B528E8DE3A002EF326 /* MVVM-1-RickMorty.app */,
			);
			name = Products;
			sourceTree = "<group>";
		};
		B463C7B728E8DE3A002EF326 /* MVVM-1-RickMorty */ = {
			isa = PBXGroup;
			children = (
				B463C7E828E991E5002EF326 /* Extension */,
				B463C7E528E982FF002EF326 /* Cell */,
				B463C7D128E8DEDC002EF326 /* Controller */,
				B463C7D028E8DECF002EF326 /* View */,
				B463C7CF28E8DEC6002EF326 /* ViewModel */,
				B463C7CE28E8DEC0002EF326 /* Model */,
				B463C7CD28E8DEB9002EF326 /* Service */,
				B463C7CC28E8DEB0002EF326 /* Core */,
				B463C7C128E8DE3E002EF326 /* Assets.xcassets */,
				B463C7C328E8DE3E002EF326 /* LaunchScreen.storyboard */,
				B463C7C628E8DE3E002EF326 /* Info.plist */,
			);
			path = "MVVM-1-RickMorty";
			sourceTree = "<group>";
		};
		B463C7CC28E8DEB0002EF326 /* Core */ = {
			isa = PBXGroup;
			children = (
				B463C7B828E8DE3A002EF326 /* AppDelegate.swift */,
				B463C7BA28E8DE3A002EF326 /* SceneDelegate.swift */,
				B463C7BE28E8DE3A002EF326 /* Main.storyboard */,
			);
			path = Core;
			sourceTree = "<group>";
		};
		B463C7CD28E8DEB9002EF326 /* Service */ = {
			isa = PBXGroup;
			children = (
				B463C7D928E8E386002EF326 /* RMService.swift */,
			);
			path = Service;
			sourceTree = "<group>";
		};
		B463C7CE28E8DEC0002EF326 /* Model */ = {
			isa = PBXGroup;
			children = (
				B463C7D728E8E375002EF326 /* RMModel.swift */,
			);
			path = Model;
			sourceTree = "<group>";
		};
		B463C7CF28E8DEC6002EF326 /* ViewModel */ = {
			isa = PBXGroup;
			children = (
				B463C7E128E8EBC5002EF326 /* RMViewModel.swift */,
			);
			path = ViewModel;
			sourceTree = "<group>";
		};
		B463C7D028E8DECF002EF326 /* View */ = {
			isa = PBXGroup;
			children = (
				B463C7E328E9796B002EF326 /* RMView.swift */,
			);
			path = View;
			sourceTree = "<group>";
		};
		B463C7D128E8DEDC002EF326 /* Controller */ = {
			isa = PBXGroup;
			children = (
				B463C7D228E8DF5C002EF326 /* RMViewController.swift */,
			);
			path = Controller;
			sourceTree = "<group>";
		};
		B463C7E528E982FF002EF326 /* Cell */ = {
			isa = PBXGroup;
			children = (
				B463C7E628E98326002EF326 /* RMTableViewCell.swift */,
			);
			path = Cell;
			sourceTree = "<group>";
		};
		B463C7E828E991E5002EF326 /* Extension */ = {
			isa = PBXGroup;
			children = (
				B463C7E928E991F4002EF326 /* UIViewExtensions.swift */,
			);
			path = Extension;
			sourceTree = "<group>";
		};
/* End PBXGroup section */

/* Begin PBXNativeTarget section */
		B463C7B428E8DE3A002EF326 /* MVVM-1-RickMorty */ = {
			isa = PBXNativeTarget;
			buildConfigurationList = B463C7C928E8DE3E002EF326 /* Build configuration list for PBXNativeTarget "MVVM-1-RickMorty" */;
			buildPhases = (
				B463C7B128E8DE3A002EF326 /* Sources */,
				B463C7B228E8DE3A002EF326 /* Frameworks */,
				B463C7B328E8DE3A002EF326 /* Resources */,
			);
			buildRules = (
			);
			dependencies = (
			);
			name = "MVVM-1-RickMorty";
			packageProductDependencies = (
				B463C7D528E8E07D002EF326 /* SnapKit */,
				B463C7DC28E8E4F6002EF326 /* Alamofire */,
				B463C7DF28E8E521002EF326 /* AlamofireImage */,
			);
			productName = "MVVM-1-RickMorty";
			productReference = B463C7B528E8DE3A002EF326 /* MVVM-1-RickMorty.app */;
			productType = "com.apple.product-type.application";
		};
/* End PBXNativeTarget section */

/* Begin PBXProject section */
		B463C7AD28E8DE3A002EF326 /* Project object */ = {
			isa = PBXProject;
			attributes = {
				BuildIndependentTargetsInParallel = 1;
				LastSwiftUpdateCheck = 1340;
				LastUpgradeCheck = 1340;
				TargetAttributes = {
					B463C7B428E8DE3A002EF326 = {
						CreatedOnToolsVersion = 13.4.1;
					};
				};
			};
			buildConfigurationList = B463C7B028E8DE3A002EF326 /* Build configuration list for PBXProject "MVVM-1-RickMorty" */;
			compatibilityVersion = "Xcode 13.0";
			developmentRegion = en;
			hasScannedForEncodings = 0;
			knownRegions = (
				en,
				Base,
			);
			mainGroup = B463C7AC28E8DE3A002EF326;
			packageReferences = (
				B463C7D428E8E07D002EF326 /* XCRemoteSwiftPackageReference "SnapKit" */,
				B463C7DB28E8E4F6002EF326 /* XCRemoteSwiftPackageReference "Alamofire" */,
				B463C7DE28E8E521002EF326 /* XCRemoteSwiftPackageReference "AlamofireImage" */,
			);
			productRefGroup = B463C7B628E8DE3A002EF326 /* Products */;
			projectDirPath = "";
			projectRoot = "";
			targets = (
				B463C7B428E8DE3A002EF326 /* MVVM-1-RickMorty */,
			);
		};
/* End PBXProject section */

/* Begin PBXResourcesBuildPhase section */
		B463C7B328E8DE3A002EF326 /* Resources */ = {
			isa = PBXResourcesBuildPhase;
			buildActionMask = 2147483647;
			files = (
				B463C7C528E8DE3E002EF326 /* LaunchScreen.storyboard in Resources */,
				B463C7C228E8DE3E002EF326 /* Assets.xcassets in Resources */,
				B463C7C028E8DE3A002EF326 /* Main.storyboard in Resources */,
			);
			runOnlyForDeploymentPostprocessing = 0;
		};
/* End PBXResourcesBuildPhase section */

/* Begin PBXSourcesBuildPhase section */
		B463C7B128E8DE3A002EF326 /* Sources */ = {
			isa = PBXSourcesBuildPhase;
			buildActionMask = 2147483647;
			files = (
				B463C7DA28E8E386002EF326 /* RMService.swift in Sources */,
				B463C7D828E8E375002EF326 /* RMModel.swift in Sources */,
				B463C7E728E98326002EF326 /* RMTableViewCell.swift in Sources */,
				B463C7B928E8DE3A002EF326 /* AppDelegate.swift in Sources */,
				B463C7E228E8EBC5002EF326 /* RMViewModel.swift in Sources */,
				B463C7BB28E8DE3A002EF326 /* SceneDelegate.swift in Sources */,
				B463C7E428E9796B002EF326 /* RMView.swift in Sources */,
				B463C7EA28E991F4002EF326 /* UIViewExtensions.swift in Sources */,
				B463C7D328E8DF5C002EF326 /* RMViewController.swift in Sources */,
			);
			runOnlyForDeploymentPostprocessing = 0;
		};
/* End PBXSourcesBuildPhase section */

/* Begin PBXVariantGroup section */
		B463C7BE28E8DE3A002EF326 /* Main.storyboard */ = {
			isa = PBXVariantGroup;
			children = (
				B463C7BF28E8DE3A002EF326 /* Base */,
			);
			name = Main.storyboard;
			sourceTree = "<group>";
		};
		B463C7C328E8DE3E002EF326 /* LaunchScreen.storyboard */ = {
			isa = PBXVariantGroup;
			children = (
				B463C7C428E8DE3E002EF326 /* Base */,
			);
			name = LaunchScreen.storyboard;
			sourceTree = "<group>";
		};
/* End PBXVariantGroup section */

/* Begin XCBuildConfiguration section */
		B463C7C728E8DE3E002EF326 /* Debug */ = {
			isa = XCBuildConfiguration;
			buildSettings = {
				ALWAYS_SEARCH_USER_PATHS = NO;
				CLANG_ANALYZER_NONNULL = YES;
				CLANG_ANALYZER_NUMBER_OBJECT_CONVERSION = YES_AGGRESSIVE;
				CLANG_CXX_LANGUAGE_STANDARD = "gnu++17";
				CLANG_ENABLE_MODULES = YES;
				CLANG_ENABLE_OBJC_ARC = YES;
				CLANG_ENABLE_OBJC_WEAK = YES;
				CLANG_WARN_BLOCK_CAPTURE_AUTORELEASING = YES;
				CLANG_WARN_BOOL_CONVERSION = YES;
				CLANG_WARN_COMMA = YES;
				CLANG_WARN_CONSTANT_CONVERSION = YES;
				CLANG_WARN_DEPRECATED_OBJC_IMPLEMENTATIONS = YES;
				CLANG_WARN_DIRECT_OBJC_ISA_USAGE = YES_ERROR;
				CLANG_WARN_DOCUMENTATION_COMMENTS = YES;
				CLANG_WARN_EMPTY_BODY = YES;
				CLANG_WARN_ENUM_CONVERSION = YES;
				CLANG_WARN_INFINITE_RECURSION = YES;
				CLANG_WARN_INT_CONVERSION = YES;
				CLANG_WARN_NON_LITERAL_NULL_CONVERSION = YES;
				CLANG_WARN_OBJC_IMPLICIT_RETAIN_SELF = YES;
				CLANG_WARN_OBJC_LITERAL_CONVERSION = YES;
				CLANG_WARN_OBJC_ROOT_CLASS = YES_ERROR;
				CLANG_WARN_QUOTED_INCLUDE_IN_FRAMEWORK_HEADER = YES;
				CLANG_WARN_RANGE_LOOP_ANALYSIS = YES;
				CLANG_WARN_STRICT_PROTOTYPES = YES;
				CLANG_WARN_SUSPICIOUS_MOVE = YES;
				CLANG_WARN_UNGUARDED_AVAILABILITY = YES_AGGRESSIVE;
				CLANG_WARN_UNREACHABLE_CODE = YES;
				CLANG_WARN__DUPLICATE_METHOD_MATCH = YES;
				COPY_PHASE_STRIP = NO;
				DEBUG_INFORMATION_FORMAT = dwarf;
				ENABLE_STRICT_OBJC_MSGSEND = YES;
				ENABLE_TESTABILITY = YES;
				GCC_C_LANGUAGE_STANDARD = gnu11;
				GCC_DYNAMIC_NO_PIC = NO;
				GCC_NO_COMMON_BLOCKS = YES;
				GCC_OPTIMIZATION_LEVEL = 0;
				GCC_PREPROCESSOR_DEFINITIONS = (
					"DEBUG=1",
					"$(inherited)",
				);
				GCC_WARN_64_TO_32_BIT_CONVERSION = YES;
				GCC_WARN_ABOUT_RETURN_TYPE = YES_ERROR;
				GCC_WARN_UNDECLARED_SELECTOR = YES;
				GCC_WARN_UNINITIALIZED_AUTOS = YES_AGGRESSIVE;
				GCC_WARN_UNUSED_FUNCTION = YES;
				GCC_WARN_UNUSED_VARIABLE = YES;
				IPHONEOS_DEPLOYMENT_TARGET = 15.5;
				MTL_ENABLE_DEBUG_INFO = INCLUDE_SOURCE;
				MTL_FAST_MATH = YES;
				ONLY_ACTIVE_ARCH = YES;
				SDKROOT = iphoneos;
				SWIFT_ACTIVE_COMPILATION_CONDITIONS = DEBUG;
				SWIFT_OPTIMIZATION_LEVEL = "-Onone";
			};
			name = Debug;
		};
		B463C7C828E8DE3E002EF326 /* Release */ = {
			isa = XCBuildConfiguration;
			buildSettings = {
				ALWAYS_SEARCH_USER_PATHS = NO;
				CLANG_ANALYZER_NONNULL = YES;
				CLANG_ANALYZER_NUMBER_OBJECT_CONVERSION = YES_AGGRESSIVE;
				CLANG_CXX_LANGUAGE_STANDARD = "gnu++17";
				CLANG_ENABLE_MODULES = YES;
				CLANG_ENABLE_OBJC_ARC = YES;
				CLANG_ENABLE_OBJC_WEAK = YES;
				CLANG_WARN_BLOCK_CAPTURE_AUTORELEASING = YES;
				CLANG_WARN_BOOL_CONVERSION = YES;
				CLANG_WARN_COMMA = YES;
				CLANG_WARN_CONSTANT_CONVERSION = YES;
				CLANG_WARN_DEPRECATED_OBJC_IMPLEMENTATIONS = YES;
				CLANG_WARN_DIRECT_OBJC_ISA_USAGE = YES_ERROR;
				CLANG_WARN_DOCUMENTATION_COMMENTS = YES;
				CLANG_WARN_EMPTY_BODY = YES;
				CLANG_WARN_ENUM_CONVERSION = YES;
				CLANG_WARN_INFINITE_RECURSION = YES;
				CLANG_WARN_INT_CONVERSION = YES;
				CLANG_WARN_NON_LITERAL_NULL_CONVERSION = YES;
				CLANG_WARN_OBJC_IMPLICIT_RETAIN_SELF = YES;
				CLANG_WARN_OBJC_LITERAL_CONVERSION = YES;
				CLANG_WARN_OBJC_ROOT_CLASS = YES_ERROR;
				CLANG_WARN_QUOTED_INCLUDE_IN_FRAMEWORK_HEADER = YES;
				CLANG_WARN_RANGE_LOOP_ANALYSIS = YES;
				CLANG_WARN_STRICT_PROTOTYPES = YES;
				CLANG_WARN_SUSPICIOUS_MOVE = YES;
				CLANG_WARN_UNGUARDED_AVAILABILITY = YES_AGGRESSIVE;
				CLANG_WARN_UNREACHABLE_CODE = YES;
				CLANG_WARN__DUPLICATE_METHOD_MATCH = YES;
				COPY_PHASE_STRIP = NO;
				DEBUG_INFORMATION_FORMAT = "dwarf-with-dsym";
				ENABLE_NS_ASSERTIONS = NO;
				ENABLE_STRICT_OBJC_MSGSEND = YES;
				GCC_C_LANGUAGE_STANDARD = gnu11;
				GCC_NO_COMMON_BLOCKS = YES;
				GCC_WARN_64_TO_32_BIT_CONVERSION = YES;
				GCC_WARN_ABOUT_RETURN_TYPE = YES_ERROR;
				GCC_WARN_UNDECLARED_SELECTOR = YES;
				GCC_WARN_UNINITIALIZED_AUTOS = YES_AGGRESSIVE;
				GCC_WARN_UNUSED_FUNCTION = YES;
				GCC_WARN_UNUSED_VARIABLE = YES;
				IPHONEOS_DEPLOYMENT_TARGET = 15.5;
				MTL_ENABLE_DEBUG_INFO = NO;
				MTL_FAST_MATH = YES;
				SDKROOT = iphoneos;
				SWIFT_COMPILATION_MODE = wholemodule;
				SWIFT_OPTIMIZATION_LEVEL = "-O";
				VALIDATE_PRODUCT = YES;
			};
			name = Release;
		};
		B463C7CA28E8DE3E002EF326 /* Debug */ = {
			isa = XCBuildConfiguration;
			buildSettings = {
				ASSETCATALOG_COMPILER_APPICON_NAME = AppIcon;
				ASSETCATALOG_COMPILER_GLOBAL_ACCENT_COLOR_NAME = AccentColor;
				CODE_SIGN_STYLE = Automatic;
				CURRENT_PROJECT_VERSION = 1;
				DEVELOPMENT_TEAM = K42X4FH32H;
				GENERATE_INFOPLIST_FILE = YES;
				INFOPLIST_FILE = "MVVM-1-RickMorty/Info.plist";
				INFOPLIST_KEY_CFBundleDisplayName = RickAndMorty;
				INFOPLIST_KEY_UIApplicationSupportsIndirectInputEvents = YES;
				INFOPLIST_KEY_UILaunchStoryboardName = LaunchScreen;
				INFOPLIST_KEY_UIMainStoryboardFile = Main;
				INFOPLIST_KEY_UISupportedInterfaceOrientations_iPad = "UIInterfaceOrientationPortrait UIInterfaceOrientationPortraitUpsideDown UIInterfaceOrientationLandscapeLeft UIInterfaceOrientationLandscapeRight";
				INFOPLIST_KEY_UISupportedInterfaceOrientations_iPhone = "UIInterfaceOrientationPortrait UIInterfaceOrientationLandscapeLeft UIInterfaceOrientationLandscapeRight";
				LD_RUNPATH_SEARCH_PATHS = (
					"$(inherited)",
					"@executable_path/Frameworks",
				);
				MARKETING_VERSION = 1.0;
				PRODUCT_BUNDLE_IDENTIFIER = "com.canbaba.MVVM-1-RickMorty";
				PRODUCT_NAME = "$(TARGET_NAME)";
				SWIFT_EMIT_LOC_STRINGS = YES;
				SWIFT_VERSION = 5.0;
				TARGETED_DEVICE_FAMILY = "1,2";
			};
			name = Debug;
		};
		B463C7CB28E8DE3E002EF326 /* Release */ = {
			isa = XCBuildConfiguration;
			buildSettings = {
				ASSETCATALOG_COMPILER_APPICON_NAME = AppIcon;
				ASSETCATALOG_COMPILER_GLOBAL_ACCENT_COLOR_NAME = AccentColor;
				CODE_SIGN_STYLE = Automatic;
				CURRENT_PROJECT_VERSION = 1;
				DEVELOPMENT_TEAM = K42X4FH32H;
				GENERATE_INFOPLIST_FILE = YES;
				INFOPLIST_FILE = "MVVM-1-RickMorty/Info.plist";
				INFOPLIST_KEY_CFBundleDisplayName = RickAndMorty;
				INFOPLIST_KEY_UIApplicationSupportsIndirectInputEvents = YES;
				INFOPLIST_KEY_UILaunchStoryboardName = LaunchScreen;
				INFOPLIST_KEY_UIMainStoryboardFile = Main;
				INFOPLIST_KEY_UISupportedInterfaceOrientations_iPad = "UIInterfaceOrientationPortrait UIInterfaceOrientationPortraitUpsideDown UIInterfaceOrientationLandscapeLeft UIInterfaceOrientationLandscapeRight";
				INFOPLIST_KEY_UISupportedInterfaceOrientations_iPhone = "UIInterfaceOrientationPortrait UIInterfaceOrientationLandscapeLeft UIInterfaceOrientationLandscapeRight";
				LD_RUNPATH_SEARCH_PATHS = (
					"$(inherited)",
					"@executable_path/Frameworks",
				);
				MARKETING_VERSION = 1.0;
				PRODUCT_BUNDLE_IDENTIFIER = "com.canbaba.MVVM-1-RickMorty";
				PRODUCT_NAME = "$(TARGET_NAME)";
				SWIFT_EMIT_LOC_STRINGS = YES;
				SWIFT_VERSION = 5.0;
				TARGETED_DEVICE_FAMILY = "1,2";
			};
			name = Release;
		};
/* End XCBuildConfiguration section */

/* Begin XCConfigurationList section */
		B463C7B028E8DE3A002EF326 /* Build configuration list for PBXProject "MVVM-1-RickMorty" */ = {
			isa = XCConfigurationList;
			buildConfigurations = (
				B463C7C728E8DE3E002EF326 /* Debug */,
				B463C7C828E8DE3E002EF326 /* Release */,
			);
			defaultConfigurationIsVisible = 0;
			defaultConfigurationName = Release;
		};
		B463C7C928E8DE3E002EF326 /* Build configuration list for PBXNativeTarget "MVVM-1-RickMorty" */ = {
			isa = XCConfigurationList;
			buildConfigurations = (
				B463C7CA28E8DE3E002EF326 /* Debug */,
				B463C7CB28E8DE3E002EF326 /* Release */,
			);
			defaultConfigurationIsVisible = 0;
			defaultConfigurationName = Release;
		};
/* End XCConfigurationList section */

/* Begin XCRemoteSwiftPackageReference section */
		B463C7D428E8E07D002EF326 /* XCRemoteSwiftPackageReference "SnapKit" */ = {
			isa = XCRemoteSwiftPackageReference;
			repositoryURL = "https://github.com/SnapKit/SnapKit.git";
			requirement = {
				kind = upToNextMajorVersion;
				minimumVersion = 5.0.0;
			};
		};
		B463C7DB28E8E4F6002EF326 /* XCRemoteSwiftPackageReference "Alamofire" */ = {
			isa = XCRemoteSwiftPackageReference;
			repositoryURL = "https://github.com/Alamofire/Alamofire.git";
			requirement = {
				kind = upToNextMajorVersion;
				minimumVersion = 5.0.0;
			};
		};
		B463C7DE28E8E521002EF326 /* XCRemoteSwiftPackageReference "AlamofireImage" */ = {
			isa = XCRemoteSwiftPackageReference;
			repositoryURL = "https://github.com/Alamofire/AlamofireImage.git";
			requirement = {
				kind = upToNextMajorVersion;
				minimumVersion = 4.0.0;
			};
		};
/* End XCRemoteSwiftPackageReference section */

/* Begin XCSwiftPackageProductDependency section */
		B463C7D528E8E07D002EF326 /* SnapKit */ = {
			isa = XCSwiftPackageProductDependency;
			package = B463C7D428E8E07D002EF326 /* XCRemoteSwiftPackageReference "SnapKit" */;
			productName = SnapKit;
		};
		B463C7DC28E8E4F6002EF326 /* Alamofire */ = {
			isa = XCSwiftPackageProductDependency;
			package = B463C7DB28E8E4F6002EF326 /* XCRemoteSwiftPackageReference "Alamofire" */;
			productName = Alamofire;
		};
		B463C7DF28E8E521002EF326 /* AlamofireImage */ = {
			isa = XCSwiftPackageProductDependency;
			package = B463C7DE28E8E521002EF326 /* XCRemoteSwiftPackageReference "AlamofireImage" */;
			productName = AlamofireImage;
		};
/* End XCSwiftPackageProductDependency section */
	};
	rootObject = B463C7AD28E8DE3A002EF326 /* Project object */;
}
